
Microsoft Visual Studio Solution File, Format Version 12.00
# Visual Studio 2012
Project("{FAE04EC0-301F-11D3-BF4B-00C04F79EFBC}") = "Test", "Test\Test.csproj", "{F93337CE-7686-44F4-9043-D4BF6B082B54}"
EndProject
Project("{FAE04EC0-301F-11D3-BF4B-00C04F79EFBC}") = "Test.Droid", "Droid\Test.Droid.csproj", "{2F65FF14-C82C-4047-854A-88C6BFCA7235}"
EndProject
Global
	GlobalSection(SolutionConfigurationPlatforms) = preSolution
		Debug|Any CPU = Debug|Any CPU
		Release|Any CPU = Release|Any CPU
	EndGlobalSection
	GlobalSection(ProjectConfigurationPlatforms) = postSolution
		{2F65FF14-C82C-4047-854A-88C6BFCA7235}.Debug|Any CPU.ActiveCfg = Debug|Any CPU
		{2F65FF14-C82C-4047-854A-88C6BFCA7235}.Debug|Any CPU.Build.0 = Debug|Any CPU
		{2F65FF14-C82C-4047-854A-88C6BFCA7235}.Release|Any CPU.ActiveCfg = Release|Any CPU
		{2F65FF14-C82C-4047-854A-88C6BFCA7235}.Release|Any CPU.Build.0 = Release|Any CPU
		{F93337CE-7686-44F4-9043-D4BF6B082B54}.Debug|Any CPU.ActiveCfg = Debug|Any CPU
		{F93337CE-7686-44F4-9043-D4BF6B082B54}.Debug|Any CPU.Build.0 = Debug|Any CPU
		{F93337CE-7686-44F4-9043-D4BF6B082B54}.Release|Any CPU.ActiveCfg = Release|Any CPU
		{F93337CE-7686-44F4-9043-D4BF6B082B54}.Release|Any CPU.Build.0 = Release|Any CPU
	EndGlobalSection
EndGlobal
